
Microsoft Visual Studio Solution File, Format Version 12.00
# Visual Studio Version 17
VisualStudioVersion = 17.1.32421.90
MinimumVisualStudioVersion = 10.0.40219.1
Project("{9A19103F-16F7-4668-BE54-9A1E7A4F7556}") = "ClipboardFileGroup", "ClipboardFileGroup\ClipboardFileGroup.csproj", "{2F64F7CD-2907-4C47-B209-FAE9A47CE0BA}"
EndProject
Project("{FAE04EC0-301F-11D3-BF4B-00C04F79EFBC}") = "ClipboardFileGroup.Examples", "ClipboardFileGroup.Examples\ClipboardFileGroup.Examples.csproj", "{4F4DD109-06B0-4EDC-B4CC-BAE4BAAB3994}"
EndProject
Global
	GlobalSection(SolutionConfigurationPlatforms) = preSolution
		Debug|Any CPU = Debug|Any CPU
		Release|Any CPU = Release|Any CPU
	EndGlobalSection
	GlobalSection(ProjectConfigurationPlatforms) = postSolution
		{2F64F7CD-2907-4C47-B209-FAE9A47CE0BA}.Debug|Any CPU.ActiveCfg = Debug|Any CPU
		{2F64F7CD-2907-4C47-B209-FAE9A47CE0BA}.Debug|Any CPU.Build.0 = Debug|Any CPU
		{2F64F7CD-2907-4C47-B209-FAE9A47CE0BA}.Release|Any CPU.ActiveCfg = Release|Any CPU
		{2F64F7CD-2907-4C47-B209-FAE9A47CE0BA}.Release|Any CPU.Build.0 = Release|Any CPU
		{4F4DD109-06B0-4EDC-B4CC-BAE4BAAB3994}.Debug|Any CPU.ActiveCfg = Debug|Any CPU
		{4F4DD109-06B0-4EDC-B4CC-BAE4BAAB3994}.Debug|Any CPU.Build.0 = Debug|Any CPU
		{4F4DD109-06B0-4EDC-B4CC-BAE4BAAB3994}.Release|Any CPU.ActiveCfg = Release|Any CPU
		{4F4DD109-06B0-4EDC-B4CC-BAE4BAAB3994}.Release|Any CPU.Build.0 = Release|Any CPU
	EndGlobalSection
	GlobalSection(SolutionProperties) = preSolution
		HideSolutionNode = FALSE
	EndGlobalSection
	GlobalSection(ExtensibilityGlobals) = postSolution
		SolutionGuid = {1C74CA48-B7CA-48DE-BFC7-A38D7A322044}
	EndGlobalSection
EndGlobal
